PODS:
  - Alamofire (4.9.1)
  - AlamofireImage (3.6.0):
    - Alamofire (~> 4.9)
  - AlamofireObjectMapper (5.2.1):
    - Alamofire (~> 4.7)
    - ObjectMapper (~> 3.4)
  - Auth0 (2.10.0):
    - JWTDecode (= 3.2.0)
    - SimpleKeychain (= 1.2.0)
  - JWTDecode (3.2.0)
  - ObjectMapper (3.5.3)
  - p2.OAuth2 (5.3.1)
  - SimpleKeychain (1.2.0)
  - SwiftKeychainWrapper (4.0.1)

DEPENDENCIES:
  - Alamofire (~> 4.7)
  - AlamofireImage (~> 3.4)
  - AlamofireObjectMapper (~> 5.2)
  - Auth0 (~> 2.5)
  - JWTDecode (~> 3.1)
  - p2.OAuth2
  - SwiftKeychainWrapper

SPEC REPOS:
  trunk:
    - Alamofire
    - AlamofireImage
    - AlamofireObjectMapper
    - Auth0
    - JWTDecode
    - ObjectMapper
    - p2.OAuth2
    - SimpleKeychain
    - SwiftKeychainWrapper

SPEC CHECKSUMS:
  Alamofire: 85e8a02c69d6020a0d734f6054870d7ecb75cf18
  AlamofireImage: be9963c6582d68b39e89191f64c82a7d7bf40fdd
  AlamofireObjectMapper: 1989f690e982b71921b9253f53a4f33a9bc00d88
  Auth0: 2876d0c36857422eda9cb580a6cc896c7d14cb36
  JWTDecode: 7dae24cb9bf9b608eae61e5081029ec169bb5527
  ObjectMapper: 97111c97e054a6ee25917662106689f0b4127b37
  p2.OAuth2: d74bba0192c0fa13ade07ba710f8c7dfbb101e16
  SimpleKeychain: 768cf43ae778b1c21816e94dddf01bb8ee96a075
  SwiftKeychainWrapper: 807ba1d63c33a7d0613288512399cd1eda1e470c

PODFILE CHECKSUM: 3f4e762da558f46d748586667e42ba4b73f5c99b

COCOAPODS: 1.16.1
